// !$*UTF8*$!
{
	archiveVersion = 1;
	classes = {
	};
	objectVersion = 50;
	objects = {

/* Begin PBXBuildFile section */
		FC0F7FE6244F8AB10060E566 /* VideoFrameBuffer.swift in Sources */ = {isa = PBXBuildFile; fileRef = FC0F7FB1244F862B0060E566 /* VideoFrameBuffer.swift */; };
		FC0F7FE7244F8AB10060E566 /* AuxiliaryImageData.swift in Sources */ = {isa = PBXBuildFile; fileRef = FC0F7FB2244F862B0060E566 /* AuxiliaryImageData.swift */; };
		FC0F7FE8244F8AB10060E566 /* ImageBuffer.swift in Sources */ = {isa = PBXBuildFile; fileRef = FC0F7FB3244F862B0060E566 /* ImageBuffer.swift */; };
		FC0F7FE9244F8AB10060E566 /* AVDepthDataToPixelBufferConverter.swift in Sources */ = {isa = PBXBuildFile; fileRef = FC0F7FB4244F862B0060E566 /* AVDepthDataToPixelBufferConverter.swift */; };
		FC0F7FEA244F8AB10060E566 /* BufferInfo.swift in Sources */ = {isa = PBXBuildFile; fileRef = FC0F7FB5244F862B0060E566 /* BufferInfo.swift */; };
		FC0F7FEB244F8AB10060E566 /* PixelValue32BGRA.swift in Sources */ = {isa = PBXBuildFile; fileRef = FC0F7FBD244F862B0060E566 /* PixelValue32BGRA.swift */; };
		FC0F7FEC244F8AB10060E566 /* PixelBufferIterator.swift in Sources */ = {isa = PBXBuildFile; fileRef = FC0F7FBE244F862B0060E566 /* PixelBufferIterator.swift */; };
		FC0F7FED244F8AB10060E566 /* PixelBuffer.swift in Sources */ = {isa = PBXBuildFile; fileRef = FC0F7FC3244F862B0060E566 /* PixelBuffer.swift */; };
		FC0F7FEE244F8ABB0060E566 /* VideoWriterAudioInput.swift in Sources */ = {isa = PBXBuildFile; fileRef = FC0F7FB7244F862B0060E566 /* VideoWriterAudioInput.swift */; };
		FC0F7FEF244F8ABB0060E566 /* VideoWriter.swift in Sources */ = {isa = PBXBuildFile; fileRef = FC0F7FB8244F862B0060E566 /* VideoWriter.swift */; };
		FC0F7FF0244F8ABB0060E566 /* VideoWriterTimedMetadataInput.swift in Sources */ = {isa = PBXBuildFile; fileRef = FC0F7FB9244F862B0060E566 /* VideoWriterTimedMetadataInput.swift */; };
		FC0F7FF1244F8ABB0060E566 /* VideoWriterFrameBufferInput.swift in Sources */ = {isa = PBXBuildFile; fileRef = FC0F7FBA244F862B0060E566 /* VideoWriterFrameBufferInput.swift */; };
		FC0F7FF2244F8ABB0060E566 /* VideoWriterMetadataInput.swift in Sources */ = {isa = PBXBuildFile; fileRef = FC0F7FBB244F862B0060E566 /* VideoWriterMetadataInput.swift */; };
		FC0F7FF3244F8ABB0060E566 /* VideoWriterInput.swift in Sources */ = {isa = PBXBuildFile; fileRef = FC0F7FBC244F862B0060E566 /* VideoWriterInput.swift */; };
		FC0F7FF4244F8ABF0060E566 /* depthUtils.swift in Sources */ = {isa = PBXBuildFile; fileRef = FC0F7FAB244F862B0060E566 /* depthUtils.swift */; };
		FC0F7FF5244F8ABF0060E566 /* mathUtils.swift in Sources */ = {isa = PBXBuildFile; fileRef = FC0F7FAC244F862B0060E566 /* mathUtils.swift */; };
		FC0F7FF6244F8ABF0060E566 /* audioUtils.swift in Sources */ = {isa = PBXBuildFile; fileRef = FC0F7FAD244F862B0060E566 /* audioUtils.swift */; };
		FC0F7FF7244F8ABF0060E566 /* vImageUtils.swift in Sources */ = {isa = PBXBuildFile; fileRef = FC0F7FAE244F862B0060E566 /* vImageUtils.swift */; };
		FC0F7FF8244F8ABF0060E566 /* pixelBufferUtils.swift in Sources */ = {isa = PBXBuildFile; fileRef = FC0F7FAF244F862B0060E566 /* pixelBufferUtils.swift */; };
		FC0F7FF9244F8ABF0060E566 /* transformUtils.swift in Sources */ = {isa = PBXBuildFile; fileRef = FC0F7FB0244F862B0060E566 /* transformUtils.swift */; };
		FC0F7FFA244F8AC20060E566 /* Point2D.swift in Sources */ = {isa = PBXBuildFile; fileRef = FC0F7FC0244F862B0060E566 /* Point2D.swift */; };
		FC0F7FFB244F8AC20060E566 /* Size.swift in Sources */ = {isa = PBXBuildFile; fileRef = FC0F7FC1244F862B0060E566 /* Size.swift */; };
		FC0F7FFC244F8AC20060E566 /* Rectangle.swift in Sources */ = {isa = PBXBuildFile; fileRef = FC0F7FC2244F862B0060E566 /* Rectangle.swift */; };
/* End PBXBuildFile section */

/* Begin PBXCopyFilesBuildPhase section */
		FC0F7FDD244F87EE0060E566 /* CopyFiles */ = {
			isa = PBXCopyFilesBuildPhase;
			buildActionMask = 2147483647;
			dstPath = "include/$(PRODUCT_NAME)";
			dstSubfolderSpec = 16;
			files = (
			);
			runOnlyForDeploymentPostprocessing = 0;
		};
/* End PBXCopyFilesBuildPhase section */

/* Begin PBXFileReference section */
		FC0F7FAB244F862B0060E566 /* depthUtils.swift */ = {isa = PBXFileReference; fileEncoding = 4; lastKnownFileType = sourcecode.swift; path = depthUtils.swift; sourceTree = "<group>"; };
		FC0F7FAC244F862B0060E566 /* mathUtils.swift */ = {isa = PBXFileReference; fileEncoding = 4; lastKnownFileType = sourcecode.swift; path = mathUtils.swift; sourceTree = "<group>"; };
		FC0F7FAD244F862B0060E566 /* audioUtils.swift */ = {isa = PBXFileReference; fileEncoding = 4; lastKnownFileType = sourcecode.swift; path = audioUtils.swift; sourceTree = "<group>"; };
		FC0F7FAE244F862B0060E566 /* vImageUtils.swift */ = {isa = PBXFileReference; fileEncoding = 4; lastKnownFileType = sourcecode.swift; path = vImageUtils.swift; sourceTree = "<group>"; };
		FC0F7FAF244F862B0060E566 /* pixelBufferUtils.swift */ = {isa = PBXFileReference; fileEncoding = 4; lastKnownFileType = sourcecode.swift; path = pixelBufferUtils.swift; sourceTree = "<group>"; };
		FC0F7FB0244F862B0060E566 /* transformUtils.swift */ = {isa = PBXFileReference; fileEncoding = 4; lastKnownFileType = sourcecode.swift; path = transformUtils.swift; sourceTree = "<group>"; };
		FC0F7FB1244F862B0060E566 /* VideoFrameBuffer.swift */ = {isa = PBXFileReference; fileEncoding = 4; lastKnownFileType = sourcecode.swift; path = VideoFrameBuffer.swift; sourceTree = "<group>"; };
		FC0F7FB2244F862B0060E566 /* AuxiliaryImageData.swift */ = {isa = PBXFileReference; fileEncoding = 4; lastKnownFileType = sourcecode.swift; path = AuxiliaryImageData.swift; sourceTree = "<group>"; };
		FC0F7FB3244F862B0060E566 /* ImageBuffer.swift */ = {isa = PBXFileReference; fileEncoding = 4; lastKnownFileType = sourcecode.swift; path = ImageBuffer.swift; sourceTree = "<group>"; };
		FC0F7FB4244F862B0060E566 /* AVDepthDataToPixelBufferConverter.swift */ = {isa = PBXFileReference; fileEncoding = 4; lastKnownFileType = sourcecode.swift; path = AVDepthDataToPixelBufferConverter.swift; sourceTree = "<group>"; };
		FC0F7FB5244F862B0060E566 /* BufferInfo.swift */ = {isa = PBXFileReference; fileEncoding = 4; lastKnownFileType = sourcecode.swift; path = BufferInfo.swift; sourceTree = "<group>"; };
		FC0F7FB7244F862B0060E566 /* VideoWriterAudioInput.swift */ = {isa = PBXFileReference; fileEncoding = 4; lastKnownFileType = sourcecode.swift; path = VideoWriterAudioInput.swift; sourceTree = "<group>"; };
		FC0F7FB8244F862B0060E566 /* VideoWriter.swift */ = {isa = PBXFileReference; fileEncoding = 4; lastKnownFileType = sourcecode.swift; path = VideoWriter.swift; sourceTree = "<group>"; };
		FC0F7FB9244F862B0060E566 /* VideoWriterTimedMetadataInput.swift */ = {isa = PBXFileReference; fileEncoding = 4; lastKnownFileType = sourcecode.swift; path = VideoWriterTimedMetadataInput.swift; sourceTree = "<group>"; };
		FC0F7FBA244F862B0060E566 /* VideoWriterFrameBufferInput.swift */ = {isa = PBXFileReference; fileEncoding = 4; lastKnownFileType = sourcecode.swift; path = VideoWriterFrameBufferInput.swift; sourceTree = "<group>"; };
		FC0F7FBB244F862B0060E566 /* VideoWriterMetadataInput.swift */ = {isa = PBXFileReference; fileEncoding = 4; lastKnownFileType = sourcecode.swift; path = VideoWriterMetadataInput.swift; sourceTree = "<group>"; };
		FC0F7FBC244F862B0060E566 /* VideoWriterInput.swift */ = {isa = PBXFileReference; fileEncoding = 4; lastKnownFileType = sourcecode.swift; path = VideoWriterInput.swift; sourceTree = "<group>"; };
		FC0F7FBD244F862B0060E566 /* PixelValue32BGRA.swift */ = {isa = PBXFileReference; fileEncoding = 4; lastKnownFileType = sourcecode.swift; path = PixelValue32BGRA.swift; sourceTree = "<group>"; };
		FC0F7FBE244F862B0060E566 /* PixelBufferIterator.swift */ = {isa = PBXFileReference; fileEncoding = 4; lastKnownFileType = sourcecode.swift; path = PixelBufferIterator.swift; sourceTree = "<group>"; };
		FC0F7FC0244F862B0060E566 /* Point2D.swift */ = {isa = PBXFileReference; fileEncoding = 4; lastKnownFileType = sourcecode.swift; path = Point2D.swift; sourceTree = "<group>"; };
		FC0F7FC1244F862B0060E566 /* Size.swift */ = {isa = PBXFileReference; fileEncoding = 4; lastKnownFileType = sourcecode.swift; path = Size.swift; sourceTree = "<group>"; };
		FC0F7FC2244F862B0060E566 /* Rectangle.swift */ = {isa = PBXFileReference; fileEncoding = 4; lastKnownFileType = sourcecode.swift; path = Rectangle.swift; sourceTree = "<group>"; };
		FC0F7FC3244F862B0060E566 /* PixelBuffer.swift */ = {isa = PBXFileReference; fileEncoding = 4; lastKnownFileType = sourcecode.swift; path = PixelBuffer.swift; sourceTree = "<group>"; };
		FC0F7FDF244F87EE0060E566 /* libImageUtils.a */ = {isa = PBXFileReference; explicitFileType = archive.ar; includeInIndex = 0; path = libImageUtils.a; sourceTree = BUILT_PRODUCTS_DIR; };
		FC964BA322DEA7E4004517DA /* ImageUtils-Bridging-Header.h */ = {isa = PBXFileReference; lastKnownFileType = sourcecode.c.h; path = "ImageUtils-Bridging-Header.h"; sourceTree = "<group>"; };
/* End PBXFileReference section */

/* Begin PBXFrameworksBuildPhase section */
		FC0F7FDC244F87EE0060E566 /* Frameworks */ = {
			isa = PBXFrameworksBuildPhase;
			buildActionMask = 2147483647;
			files = (
			);
			runOnlyForDeploymentPostprocessing = 0;
		};
/* End PBXFrameworksBuildPhase section */

/* Begin PBXGroup section */
		FC0F7FA9244F862B0060E566 /* source */ = {
			isa = PBXGroup;
			children = (
				FC0F7FB6244F862B0060E566 /* VideoWriter */,
				FC0F7FAA244F862B0060E566 /* util */,
				FC0F7FBF244F862B0060E566 /* geometry */,
				FC0F7FB1244F862B0060E566 /* VideoFrameBuffer.swift */,
				FC0F7FB2244F862B0060E566 /* AuxiliaryImageData.swift */,
				FC0F7FB3244F862B0060E566 /* ImageBuffer.swift */,
				FC0F7FB4244F862B0060E566 /* AVDepthDataToPixelBufferConverter.swift */,
				FC0F7FB5244F862B0060E566 /* BufferInfo.swift */,
				FC0F7FBD244F862B0060E566 /* PixelValue32BGRA.swift */,
				FC0F7FBE244F862B0060E566 /* PixelBufferIterator.swift */,
				FC0F7FC3244F862B0060E566 /* PixelBuffer.swift */,
			);
			path = source;
			sourceTree = "<group>";
		};
		FC0F7FAA244F862B0060E566 /* util */ = {
			isa = PBXGroup;
			children = (
				FC0F7FAB244F862B0060E566 /* depthUtils.swift */,
				FC0F7FAC244F862B0060E566 /* mathUtils.swift */,
				FC0F7FAD244F862B0060E566 /* audioUtils.swift */,
				FC0F7FAE244F862B0060E566 /* vImageUtils.swift */,
				FC0F7FAF244F862B0060E566 /* pixelBufferUtils.swift */,
				FC0F7FB0244F862B0060E566 /* transformUtils.swift */,
			);
			path = util;
			sourceTree = "<group>";
		};
		FC0F7FB6244F862B0060E566 /* VideoWriter */ = {
			isa = PBXGroup;
			children = (
				FC0F7FB7244F862B0060E566 /* VideoWriterAudioInput.swift */,
				FC0F7FB8244F862B0060E566 /* VideoWriter.swift */,
				FC0F7FB9244F862B0060E566 /* VideoWriterTimedMetadataInput.swift */,
				FC0F7FBA244F862B0060E566 /* VideoWriterFrameBufferInput.swift */,
				FC0F7FBB244F862B0060E566 /* VideoWriterMetadataInput.swift */,
				FC0F7FBC244F862B0060E566 /* VideoWriterInput.swift */,
			);
			path = VideoWriter;
			sourceTree = "<group>";
		};
		FC0F7FBF244F862B0060E566 /* geometry */ = {
			isa = PBXGroup;
			children = (
				FC0F7FC0244F862B0060E566 /* Point2D.swift */,
				FC0F7FC1244F862B0060E566 /* Size.swift */,
				FC0F7FC2244F862B0060E566 /* Rectangle.swift */,
			);
			path = geometry;
			sourceTree = "<group>";
		};
		FC9E2A1222DE9F5D0019C407 = {
			isa = PBXGroup;
			children = (
				FC0F7FA9244F862B0060E566 /* source */,
				FC9E2A1C22DE9F5D0019C407 /* Products */,
				FC964BA322DEA7E4004517DA /* ImageUtils-Bridging-Header.h */,
			);
			sourceTree = "<group>";
		};
		FC9E2A1C22DE9F5D0019C407 /* Products */ = {
			isa = PBXGroup;
			children = (
				FC0F7FDF244F87EE0060E566 /* libImageUtils.a */,
			);
			name = Products;
			sourceTree = "<group>";
		};
/* End PBXGroup section */

/* Begin PBXNativeTarget section */
		FC0F7FDE244F87EE0060E566 /* ImageUtils */ = {
			isa = PBXNativeTarget;
			buildConfigurationList = FC0F7FE3244F87EE0060E566 /* Build configuration list for PBXNativeTarget "ImageUtils" */;
			buildPhases = (
				FC0F7FDB244F87EE0060E566 /* Sources */,
				FC0F7FDC244F87EE0060E566 /* Frameworks */,
				FC0F7FDD244F87EE0060E566 /* CopyFiles */,
			);
			buildRules = (
			);
			dependencies = (
			);
			name = ImageUtils;
			productName = ImageUtils;
			productReference = FC0F7FDF244F87EE0060E566 /* libImageUtils.a */;
			productType = "com.apple.product-type.library.static";
		};
/* End PBXNativeTarget section */

/* Begin PBXProject section */
		FC9E2A1322DE9F5D0019C407 /* Project object */ = {
			isa = PBXProject;
			attributes = {
				LastSwiftUpdateCheck = 1120;
				LastUpgradeCheck = 1020;
				ORGANIZATIONNAME = "Jonathan Brennecke";
				TargetAttributes = {
					FC0F7FDE244F87EE0060E566 = {
						CreatedOnToolsVersion = 11.2.1;
					};
				};
			};
			buildConfigurationList = FC9E2A1622DE9F5D0019C407 /* Build configuration list for PBXProject "ImageUtils" */;
			compatibilityVersion = "Xcode 9.3";
			developmentRegion = en;
			hasScannedForEncodings = 0;
			knownRegions = (
				en,
			);
			mainGroup = FC9E2A1222DE9F5D0019C407;
			productRefGroup = FC9E2A1C22DE9F5D0019C407 /* Products */;
			projectDirPath = "";
			projectRoot = "";
			targets = (
				FC0F7FDE244F87EE0060E566 /* ImageUtils */,
			);
		};
/* End PBXProject section */

/* Begin PBXSourcesBuildPhase section */
		FC0F7FDB244F87EE0060E566 /* Sources */ = {
			isa = PBXSourcesBuildPhase;
			buildActionMask = 2147483647;
			files = (
				FC0F7FE9244F8AB10060E566 /* AVDepthDataToPixelBufferConverter.swift in Sources */,
				FC0F7FF5244F8ABF0060E566 /* mathUtils.swift in Sources */,
				FC0F7FF9244F8ABF0060E566 /* transformUtils.swift in Sources */,
				FC0F7FF4244F8ABF0060E566 /* depthUtils.swift in Sources */,
				FC0F7FED244F8AB10060E566 /* PixelBuffer.swift in Sources */,
				FC0F7FEA244F8AB10060E566 /* BufferInfo.swift in Sources */,
				FC0F7FEC244F8AB10060E566 /* PixelBufferIterator.swift in Sources */,
				FC0F7FFB244F8AC20060E566 /* Size.swift in Sources */,
				FC0F7FF2244F8ABB0060E566 /* VideoWriterMetadataInput.swift in Sources */,
				FC0F7FFA244F8AC20060E566 /* Point2D.swift in Sources */,
				FC0F7FF3244F8ABB0060E566 /* VideoWriterInput.swift in Sources */,
				FC0F7FEE244F8ABB0060E566 /* VideoWriterAudioInput.swift in Sources */,
				FC0F7FEB244F8AB10060E566 /* PixelValue32BGRA.swift in Sources */,
				FC0F7FF6244F8ABF0060E566 /* audioUtils.swift in Sources */,
				FC0F7FF0244F8ABB0060E566 /* VideoWriterTimedMetadataInput.swift in Sources */,
				FC0F7FFC244F8AC20060E566 /* Rectangle.swift in Sources */,
				FC0F7FEF244F8ABB0060E566 /* VideoWriter.swift in Sources */,
				FC0F7FE8244F8AB10060E566 /* ImageBuffer.swift in Sources */,
				FC0F7FF7244F8ABF0060E566 /* vImageUtils.swift in Sources */,
				FC0F7FE6244F8AB10060E566 /* VideoFrameBuffer.swift in Sources */,
				FC0F7FE7244F8AB10060E566 /* AuxiliaryImageData.swift in Sources */,
				FC0F7FF8244F8ABF0060E566 /* pixelBufferUtils.swift in Sources */,
				FC0F7FF1244F8ABB0060E566 /* VideoWriterFrameBufferInput.swift in Sources */,
			);
			runOnlyForDeploymentPostprocessing = 0;
		};
/* End PBXSourcesBuildPhase section */

/* Begin XCBuildConfiguration section */
		FC0F7FE4244F87EE0060E566 /* Debug */ = {
			isa = XCBuildConfiguration;
			buildSettings = {
				CODE_SIGN_STYLE = Automatic;
				DEVELOPMENT_TEAM = 6DUV3UU8M8;
				IPHONEOS_DEPLOYMENT_TARGET = 13.2;
				OTHER_LDFLAGS = "-ObjC";
				PRODUCT_NAME = "$(TARGET_NAME)";
				SDKROOT = iphoneos;
				SKIP_INSTALL = YES;
				SWIFT_ACTIVE_COMPILATION_CONDITIONS = DEBUG;
				SWIFT_OPTIMIZATION_LEVEL = "-Onone";
				SWIFT_VERSION = 5.0;
				TARGETED_DEVICE_FAMILY = "1,2";
			};
			name = Debug;
		};
		FC0F7FE5244F87EE0060E566 /* Release */ = {
			isa = XCBuildConfiguration;
			buildSettings = {
				CODE_SIGN_STYLE = Automatic;
				DEVELOPMENT_TEAM = 6DUV3UU8M8;
				IPHONEOS_DEPLOYMENT_TARGET = 13.2;
				OTHER_LDFLAGS = "-ObjC";
				PRODUCT_NAME = "$(TARGET_NAME)";
				SDKROOT = iphoneos;
				SKIP_INSTALL = YES;
				SWIFT_COMPILATION_MODE = wholemodule;
				SWIFT_OPTIMIZATION_LEVEL = "-O";
				SWIFT_VERSION = 5.0;
				TARGETED_DEVICE_FAMILY = "1,2";
				VALIDATE_PRODUCT = YES;
			};
			name = Release;
		};
		FC9E2A2222DE9F5E0019C407 /* Debug */ = {
			isa = XCBuildConfiguration;
			buildSettings = {
				ALWAYS_SEARCH_USER_PATHS = NO;
				CLANG_ANALYZER_NONNULL = YES;
				CLANG_ANALYZER_NUMBER_OBJECT_CONVERSION = YES_AGGRESSIVE;
				CLANG_CXX_LANGUAGE_STANDARD = "gnu++14";
				CLANG_CXX_LIBRARY = "libc++";
				CLANG_ENABLE_MODULES = YES;
				CLANG_ENABLE_OBJC_ARC = YES;
				CLANG_ENABLE_OBJC_WEAK = YES;
				CLANG_WARN_BLOCK_CAPTURE_AUTORELEASING = YES;
				CLANG_WARN_BOOL_CONVERSION = YES;
				CLANG_WARN_COMMA = YES;
				CLANG_WARN_CONSTANT_CONVERSION = YES;
				CLANG_WARN_DEPRECATED_OBJC_IMPLEMENTATIONS = YES;
				CLANG_WARN_DIRECT_OBJC_ISA_USAGE = YES_ERROR;
				CLANG_WARN_DOCUMENTATION_COMMENTS = YES;
				CLANG_WARN_EMPTY_BODY = YES;
				CLANG_WARN_ENUM_CONVERSION = YES;
				CLANG_WARN_INFINITE_RECURSION = YES;
				CLANG_WARN_INT_CONVERSION = YES;
				CLANG_WARN_NON_LITERAL_NULL_CONVERSION = YES;
				CLANG_WARN_OBJC_IMPLICIT_RETAIN_SELF = YES;
				CLANG_WARN_OBJC_LITERAL_CONVERSION = YES;
				CLANG_WARN_OBJC_ROOT_CLASS = YES_ERROR;
				CLANG_WARN_RANGE_LOOP_ANALYSIS = YES;
				CLANG_WARN_STRICT_PROTOTYPES = YES;
				CLANG_WARN_SUSPICIOUS_MOVE = YES;
				CLANG_WARN_UNGUARDED_AVAILABILITY = YES_AGGRESSIVE;
				CLANG_WARN_UNREACHABLE_CODE = YES;
				CLANG_WARN__DUPLICATE_METHOD_MATCH = YES;
				CODE_SIGN_IDENTITY = "Mac Developer";
				COPY_PHASE_STRIP = NO;
				DEBUG_INFORMATION_FORMAT = dwarf;
				ENABLE_STRICT_OBJC_MSGSEND = YES;
				ENABLE_TESTABILITY = YES;
				GCC_C_LANGUAGE_STANDARD = gnu11;
				GCC_DYNAMIC_NO_PIC = NO;
				GCC_NO_COMMON_BLOCKS = YES;
				GCC_OPTIMIZATION_LEVEL = 0;
				GCC_PREPROCESSOR_DEFINITIONS = (
					"DEBUG=1",
					"$(inherited)",
				);
				GCC_WARN_64_TO_32_BIT_CONVERSION = YES;
				GCC_WARN_ABOUT_RETURN_TYPE = YES_ERROR;
				GCC_WARN_UNDECLARED_SELECTOR = YES;
				GCC_WARN_UNINITIALIZED_AUTOS = YES_AGGRESSIVE;
				GCC_WARN_UNUSED_FUNCTION = YES;
				GCC_WARN_UNUSED_VARIABLE = YES;
				IPHONEOS_DEPLOYMENT_TARGET = 11.0;
				MACOSX_DEPLOYMENT_TARGET = 10.14;
				MTL_ENABLE_DEBUG_INFO = INCLUDE_SOURCE;
				MTL_FAST_MATH = YES;
				ONLY_ACTIVE_ARCH = YES;
				SDKROOT = iphoneos;
				SUPPORTED_PLATFORMS = "iphonesimulator iphoneos";
			};
			name = Debug;
		};
		FC9E2A2322DE9F5E0019C407 /* Release */ = {
			isa = XCBuildConfiguration;
			buildSettings = {
				ALWAYS_SEARCH_USER_PATHS = NO;
				CLANG_ANALYZER_NONNULL = YES;
				CLANG_ANALYZER_NUMBER_OBJECT_CONVERSION = YES_AGGRESSIVE;
				CLANG_CXX_LANGUAGE_STANDARD = "gnu++14";
				CLANG_CXX_LIBRARY = "libc++";
				CLANG_ENABLE_MODULES = YES;
				CLANG_ENABLE_OBJC_ARC = YES;
				CLANG_ENABLE_OBJC_WEAK = YES;
				CLANG_WARN_BLOCK_CAPTURE_AUTORELEASING = YES;
				CLANG_WARN_BOOL_CONVERSION = YES;
				CLANG_WARN_COMMA = YES;
				CLANG_WARN_CONSTANT_CONVERSION = YES;
				CLANG_WARN_DEPRECATED_OBJC_IMPLEMENTATIONS = YES;
				CLANG_WARN_DIRECT_OBJC_ISA_USAGE = YES_ERROR;
				CLANG_WARN_DOCUMENTATION_COMMENTS = YES;
				CLANG_WARN_EMPTY_BODY = YES;
				CLANG_WARN_ENUM_CONVERSION = YES;
				CLANG_WARN_INFINITE_RECURSION = YES;
				CLANG_WARN_INT_CONVERSION = YES;
				CLANG_WARN_NON_LITERAL_NULL_CONVERSION = YES;
				CLANG_WARN_OBJC_IMPLICIT_RETAIN_SELF = YES;
				CLANG_WARN_OBJC_LITERAL_CONVERSION = YES;
				CLANG_WARN_OBJC_ROOT_CLASS = YES_ERROR;
				CLANG_WARN_RANGE_LOOP_ANALYSIS = YES;
				CLANG_WARN_STRICT_PROTOTYPES = YES;
				CLANG_WARN_SUSPICIOUS_MOVE = YES;
				CLANG_WARN_UNGUARDED_AVAILABILITY = YES_AGGRESSIVE;
				CLANG_WARN_UNREACHABLE_CODE = YES;
				CLANG_WARN__DUPLICATE_METHOD_MATCH = YES;
				CODE_SIGN_IDENTITY = "Mac Developer";
				COPY_PHASE_STRIP = NO;
				DEBUG_INFORMATION_FORMAT = "dwarf-with-dsym";
				ENABLE_NS_ASSERTIONS = NO;
				ENABLE_STRICT_OBJC_MSGSEND = YES;
				GCC_C_LANGUAGE_STANDARD = gnu11;
				GCC_NO_COMMON_BLOCKS = YES;
				GCC_WARN_64_TO_32_BIT_CONVERSION = YES;
				GCC_WARN_ABOUT_RETURN_TYPE = YES_ERROR;
				GCC_WARN_UNDECLARED_SELECTOR = YES;
				GCC_WARN_UNINITIALIZED_AUTOS = YES_AGGRESSIVE;
				GCC_WARN_UNUSED_FUNCTION = YES;
				GCC_WARN_UNUSED_VARIABLE = YES;
				IPHONEOS_DEPLOYMENT_TARGET = 11.0;
				MACOSX_DEPLOYMENT_TARGET = 10.14;
				MTL_ENABLE_DEBUG_INFO = NO;
				MTL_FAST_MATH = YES;
				SDKROOT = iphoneos;
				SUPPORTED_PLATFORMS = "iphonesimulator iphoneos";
			};
			name = Release;
		};
/* End XCBuildConfiguration section */

/* Begin XCConfigurationList section */
		FC0F7FE3244F87EE0060E566 /* Build configuration list for PBXNativeTarget "ImageUtils" */ = {
			isa = XCConfigurationList;
			buildConfigurations = (
				FC0F7FE4244F87EE0060E566 /* Debug */,
				FC0F7FE5244F87EE0060E566 /* Release */,
			);
			defaultConfigurationIsVisible = 0;
			defaultConfigurationName = Release;
		};
		FC9E2A1622DE9F5D0019C407 /* Build configuration list for PBXProject "ImageUtils" */ = {
			isa = XCConfigurationList;
			buildConfigurations = (
				FC9E2A2222DE9F5E0019C407 /* Debug */,
				FC9E2A2322DE9F5E0019C407 /* Release */,
			);
			defaultConfigurationIsVisible = 0;
			defaultConfigurationName = Release;
		};
/* End XCConfigurationList section */
	};
	rootObject = FC9E2A1322DE9F5D0019C407 /* Project object */;
}
