// !$*UTF8*$!
{
	archiveVersion = 1;
	classes = {
	};
	objectVersion = 50;
	objects = {

/* Begin PBXBuildFile section */
		FC664F3722CADC1800FD8AE7 /* HSPixelBuffer.swift in Sources */ = {isa = PBXBuildFile; fileRef = FC71B67E22CAB0C1003EA230 /* HSPixelBuffer.swift */; };
		FC664F3822CADC1800FD8AE7 /* HSImageBuffer.swift in Sources */ = {isa = PBXBuildFile; fileRef = FC71B68022CAB163003EA230 /* HSImageBuffer.swift */; };
		FC664F3922CADC1800FD8AE7 /* HSAuxiliaryImageData.swift in Sources */ = {isa = PBXBuildFile; fileRef = FC71B68222CAB17C003EA230 /* HSAuxiliaryImageData.swift */; };
		FC664F3A22CADC1D00FD8AE7 /* pixelBufferUtils.swift in Sources */ = {isa = PBXBuildFile; fileRef = FC71B67822CAB077003EA230 /* pixelBufferUtils.swift */; };
		FC664F3B22CADC1D00FD8AE7 /* depthUtils.swift in Sources */ = {isa = PBXBuildFile; fileRef = FC71B67A22CAB09A003EA230 /* depthUtils.swift */; };
		FC664F3C22CADC1D00FD8AE7 /* mathUtils.swift in Sources */ = {isa = PBXBuildFile; fileRef = FC71B67C22CAB0AF003EA230 /* mathUtils.swift */; };
		FC664F3D22CADC2000FD8AE7 /* Size.swift in Sources */ = {isa = PBXBuildFile; fileRef = FC71B67022CAB018003EA230 /* Size.swift */; };
		FC664F3E22CADC2000FD8AE7 /* Point2D.swift in Sources */ = {isa = PBXBuildFile; fileRef = FC71B67222CAB02B003EA230 /* Point2D.swift */; };
		FC664F3F22CADC2000FD8AE7 /* Rectangle.swift in Sources */ = {isa = PBXBuildFile; fileRef = FC71B67422CAB046003EA230 /* Rectangle.swift */; };
		FCDEEBED22CC5D1900B09AF2 /* HSBufferInfo.swift in Sources */ = {isa = PBXBuildFile; fileRef = FCDEEBEC22CC5D1900B09AF2 /* HSBufferInfo.swift */; };
/* End PBXBuildFile section */

/* Begin PBXCopyFilesBuildPhase section */
		FC664F2E22CADBF800FD8AE7 /* CopyFiles */ = {
			isa = PBXCopyFilesBuildPhase;
			buildActionMask = 2147483647;
			dstPath = "include/$(PRODUCT_NAME)";
			dstSubfolderSpec = 16;
			files = (
			);
			runOnlyForDeploymentPostprocessing = 0;
		};
/* End PBXCopyFilesBuildPhase section */

/* Begin PBXFileReference section */
		FC664F3022CADBF800FD8AE7 /* libHSCameraUtils.a */ = {isa = PBXFileReference; explicitFileType = archive.ar; includeInIndex = 0; path = libHSCameraUtils.a; sourceTree = BUILT_PRODUCTS_DIR; };
		FC71B66822CAAFCF003EA230 /* Info.plist */ = {isa = PBXFileReference; lastKnownFileType = text.plist.xml; path = Info.plist; sourceTree = "<group>"; };
		FC71B67022CAB018003EA230 /* Size.swift */ = {isa = PBXFileReference; indentWidth = 2; lastKnownFileType = sourcecode.swift; path = Size.swift; sourceTree = "<group>"; tabWidth = 2; };
		FC71B67222CAB02B003EA230 /* Point2D.swift */ = {isa = PBXFileReference; lastKnownFileType = sourcecode.swift; path = Point2D.swift; sourceTree = "<group>"; };
		FC71B67422CAB046003EA230 /* Rectangle.swift */ = {isa = PBXFileReference; lastKnownFileType = sourcecode.swift; path = Rectangle.swift; sourceTree = "<group>"; };
		FC71B67822CAB077003EA230 /* pixelBufferUtils.swift */ = {isa = PBXFileReference; lastKnownFileType = sourcecode.swift; path = pixelBufferUtils.swift; sourceTree = "<group>"; };
		FC71B67A22CAB09A003EA230 /* depthUtils.swift */ = {isa = PBXFileReference; lastKnownFileType = sourcecode.swift; path = depthUtils.swift; sourceTree = "<group>"; };
		FC71B67C22CAB0AF003EA230 /* mathUtils.swift */ = {isa = PBXFileReference; lastKnownFileType = sourcecode.swift; path = mathUtils.swift; sourceTree = "<group>"; };
		FC71B67E22CAB0C1003EA230 /* HSPixelBuffer.swift */ = {isa = PBXFileReference; indentWidth = 2; lastKnownFileType = sourcecode.swift; path = HSPixelBuffer.swift; sourceTree = "<group>"; tabWidth = 2; };
		FC71B68022CAB163003EA230 /* HSImageBuffer.swift */ = {isa = PBXFileReference; indentWidth = 2; lastKnownFileType = sourcecode.swift; path = HSImageBuffer.swift; sourceTree = "<group>"; tabWidth = 2; };
		FC71B68222CAB17C003EA230 /* HSAuxiliaryImageData.swift */ = {isa = PBXFileReference; lastKnownFileType = sourcecode.swift; path = HSAuxiliaryImageData.swift; sourceTree = "<group>"; };
		FCDEEBEC22CC5D1900B09AF2 /* HSBufferInfo.swift */ = {isa = PBXFileReference; indentWidth = 2; lastKnownFileType = sourcecode.swift; path = HSBufferInfo.swift; sourceTree = "<group>"; tabWidth = 2; };
/* End PBXFileReference section */

/* Begin PBXFrameworksBuildPhase section */
		FC664F2D22CADBF800FD8AE7 /* Frameworks */ = {
			isa = PBXFrameworksBuildPhase;
			buildActionMask = 2147483647;
			files = (
			);
			runOnlyForDeploymentPostprocessing = 0;
		};
/* End PBXFrameworksBuildPhase section */

/* Begin PBXGroup section */
		FC71B65A22CAAFCF003EA230 = {
			isa = PBXGroup;
			children = (
				FC71B66622CAAFCF003EA230 /* HSCameraUtils */,
				FC71B66522CAAFCF003EA230 /* Products */,
			);
			sourceTree = "<group>";
		};
		FC71B66522CAAFCF003EA230 /* Products */ = {
			isa = PBXGroup;
			children = (
				FC664F3022CADBF800FD8AE7 /* libHSCameraUtils.a */,
			);
			name = Products;
			sourceTree = "<group>";
		};
		FC71B66622CAAFCF003EA230 /* HSCameraUtils */ = {
			isa = PBXGroup;
			children = (
				FC71B66F22CAB008003EA230 /* source */,
				FC71B66822CAAFCF003EA230 /* Info.plist */,
			);
			path = HSCameraUtils;
			sourceTree = "<group>";
		};
		FC71B66F22CAB008003EA230 /* source */ = {
			isa = PBXGroup;
			children = (
				FC71B67722CAB065003EA230 /* util */,
				FC71B67622CAB04E003EA230 /* geometry */,
				FC71B67E22CAB0C1003EA230 /* HSPixelBuffer.swift */,
				FC71B68022CAB163003EA230 /* HSImageBuffer.swift */,
				FC71B68222CAB17C003EA230 /* HSAuxiliaryImageData.swift */,
				FCDEEBEC22CC5D1900B09AF2 /* HSBufferInfo.swift */,
			);
			path = source;
			sourceTree = "<group>";
		};
		FC71B67622CAB04E003EA230 /* geometry */ = {
			isa = PBXGroup;
			children = (
				FC71B67022CAB018003EA230 /* Size.swift */,
				FC71B67222CAB02B003EA230 /* Point2D.swift */,
				FC71B67422CAB046003EA230 /* Rectangle.swift */,
			);
			path = geometry;
			sourceTree = "<group>";
		};
		FC71B67722CAB065003EA230 /* util */ = {
			isa = PBXGroup;
			children = (
				FC71B67822CAB077003EA230 /* pixelBufferUtils.swift */,
				FC71B67A22CAB09A003EA230 /* depthUtils.swift */,
				FC71B67C22CAB0AF003EA230 /* mathUtils.swift */,
			);
			path = util;
			sourceTree = "<group>";
		};
/* End PBXGroup section */

/* Begin PBXNativeTarget section */
		FC664F2F22CADBF800FD8AE7 /* HSCameraUtils */ = {
			isa = PBXNativeTarget;
			buildConfigurationList = FC664F3422CADBF800FD8AE7 /* Build configuration list for PBXNativeTarget "HSCameraUtils" */;
			buildPhases = (
				FC664F2C22CADBF800FD8AE7 /* Sources */,
				FC664F2D22CADBF800FD8AE7 /* Frameworks */,
				FC664F2E22CADBF800FD8AE7 /* CopyFiles */,
			);
			buildRules = (
			);
			dependencies = (
			);
			name = HSCameraUtils;
			productName = HSCameraUtils;
			productReference = FC664F3022CADBF800FD8AE7 /* libHSCameraUtils.a */;
			productType = "com.apple.product-type.library.static";
		};
/* End PBXNativeTarget section */

/* Begin PBXProject section */
		FC71B65B22CAAFCF003EA230 /* Project object */ = {
			isa = PBXProject;
			attributes = {
				LastSwiftUpdateCheck = 1020;
				LastUpgradeCheck = 1020;
				ORGANIZATIONNAME = "Jonathan Brennecke";
				TargetAttributes = {
					FC664F2F22CADBF800FD8AE7 = {
						CreatedOnToolsVersion = 10.2.1;
					};
				};
			};
			buildConfigurationList = FC71B65E22CAAFCF003EA230 /* Build configuration list for PBXProject "HSCameraUtils" */;
			compatibilityVersion = "Xcode 9.3";
			developmentRegion = en;
			hasScannedForEncodings = 0;
			knownRegions = (
				en,
			);
			mainGroup = FC71B65A22CAAFCF003EA230;
			productRefGroup = FC71B66522CAAFCF003EA230 /* Products */;
			projectDirPath = "";
			projectRoot = "";
			targets = (
				FC664F2F22CADBF800FD8AE7 /* HSCameraUtils */,
			);
		};
/* End PBXProject section */

/* Begin PBXSourcesBuildPhase section */
		FC664F2C22CADBF800FD8AE7 /* Sources */ = {
			isa = PBXSourcesBuildPhase;
			buildActionMask = 2147483647;
			files = (
				FC664F3E22CADC2000FD8AE7 /* Point2D.swift in Sources */,
				FC664F3B22CADC1D00FD8AE7 /* depthUtils.swift in Sources */,
				FC664F3D22CADC2000FD8AE7 /* Size.swift in Sources */,
				FC664F3F22CADC2000FD8AE7 /* Rectangle.swift in Sources */,
				FCDEEBED22CC5D1900B09AF2 /* HSBufferInfo.swift in Sources */,
				FC664F3822CADC1800FD8AE7 /* HSImageBuffer.swift in Sources */,
				FC664F3722CADC1800FD8AE7 /* HSPixelBuffer.swift in Sources */,
				FC664F3C22CADC1D00FD8AE7 /* mathUtils.swift in Sources */,
				FC664F3A22CADC1D00FD8AE7 /* pixelBufferUtils.swift in Sources */,
				FC664F3922CADC1800FD8AE7 /* HSAuxiliaryImageData.swift in Sources */,
			);
			runOnlyForDeploymentPostprocessing = 0;
		};
/* End PBXSourcesBuildPhase section */

/* Begin XCBuildConfiguration section */
		FC664F3522CADBF800FD8AE7 /* Debug */ = {
			isa = XCBuildConfiguration;
			buildSettings = {
				CODE_SIGN_STYLE = Automatic;
				DEVELOPMENT_TEAM = 6DUV3UU8M8;
				IPHONEOS_DEPLOYMENT_TARGET = 12.2;
				OTHER_LDFLAGS = "-ObjC";
				PRODUCT_NAME = "$(TARGET_NAME)";
				SKIP_INSTALL = YES;
				SWIFT_VERSION = 5.0;
				TARGETED_DEVICE_FAMILY = "1,2";
			};
			name = Debug;
		};
		FC664F3622CADBF800FD8AE7 /* Release */ = {
			isa = XCBuildConfiguration;
			buildSettings = {
				CODE_SIGN_STYLE = Automatic;
				DEVELOPMENT_TEAM = 6DUV3UU8M8;
				IPHONEOS_DEPLOYMENT_TARGET = 12.2;
				OTHER_LDFLAGS = "-ObjC";
				PRODUCT_NAME = "$(TARGET_NAME)";
				SKIP_INSTALL = YES;
				SWIFT_VERSION = 5.0;
				TARGETED_DEVICE_FAMILY = "1,2";
			};
			name = Release;
		};
		FC71B66A22CAAFCF003EA230 /* Debug */ = {
			isa = XCBuildConfiguration;
			buildSettings = {
				ALWAYS_SEARCH_USER_PATHS = NO;
				CLANG_ANALYZER_NONNULL = YES;
				CLANG_ANALYZER_NUMBER_OBJECT_CONVERSION = YES_AGGRESSIVE;
				CLANG_CXX_LANGUAGE_STANDARD = "gnu++14";
				CLANG_CXX_LIBRARY = "libc++";
				CLANG_ENABLE_MODULES = YES;
				CLANG_ENABLE_OBJC_ARC = YES;
				CLANG_ENABLE_OBJC_WEAK = YES;
				CLANG_WARN_BLOCK_CAPTURE_AUTORELEASING = YES;
				CLANG_WARN_BOOL_CONVERSION = YES;
				CLANG_WARN_COMMA = YES;
				CLANG_WARN_CONSTANT_CONVERSION = YES;
				CLANG_WARN_DEPRECATED_OBJC_IMPLEMENTATIONS = YES;
				CLANG_WARN_DIRECT_OBJC_ISA_USAGE = YES_ERROR;
				CLANG_WARN_DOCUMENTATION_COMMENTS = YES;
				CLANG_WARN_EMPTY_BODY = YES;
				CLANG_WARN_ENUM_CONVERSION = YES;
				CLANG_WARN_INFINITE_RECURSION = YES;
				CLANG_WARN_INT_CONVERSION = YES;
				CLANG_WARN_NON_LITERAL_NULL_CONVERSION = YES;
				CLANG_WARN_OBJC_IMPLICIT_RETAIN_SELF = YES;
				CLANG_WARN_OBJC_LITERAL_CONVERSION = YES;
				CLANG_WARN_OBJC_ROOT_CLASS = YES_ERROR;
				CLANG_WARN_RANGE_LOOP_ANALYSIS = YES;
				CLANG_WARN_STRICT_PROTOTYPES = YES;
				CLANG_WARN_SUSPICIOUS_MOVE = YES;
				CLANG_WARN_UNGUARDED_AVAILABILITY = YES_AGGRESSIVE;
				CLANG_WARN_UNREACHABLE_CODE = YES;
				CLANG_WARN__DUPLICATE_METHOD_MATCH = YES;
				CODE_SIGN_IDENTITY = "iPhone Developer";
				COPY_PHASE_STRIP = NO;
				CURRENT_PROJECT_VERSION = 1;
				DEBUG_INFORMATION_FORMAT = dwarf;
				ENABLE_STRICT_OBJC_MSGSEND = YES;
				ENABLE_TESTABILITY = YES;
				GCC_C_LANGUAGE_STANDARD = gnu11;
				GCC_DYNAMIC_NO_PIC = NO;
				GCC_NO_COMMON_BLOCKS = YES;
				GCC_OPTIMIZATION_LEVEL = 0;
				GCC_PREPROCESSOR_DEFINITIONS = (
					"DEBUG=1",
					"$(inherited)",
				);
				GCC_WARN_64_TO_32_BIT_CONVERSION = YES;
				GCC_WARN_ABOUT_RETURN_TYPE = YES_ERROR;
				GCC_WARN_UNDECLARED_SELECTOR = YES;
				GCC_WARN_UNINITIALIZED_AUTOS = YES_AGGRESSIVE;
				GCC_WARN_UNUSED_FUNCTION = YES;
				GCC_WARN_UNUSED_VARIABLE = YES;
				IPHONEOS_DEPLOYMENT_TARGET = 11.0;
				MTL_ENABLE_DEBUG_INFO = INCLUDE_SOURCE;
				MTL_FAST_MATH = YES;
				ONLY_ACTIVE_ARCH = YES;
				SDKROOT = iphoneos;
				SWIFT_ACTIVE_COMPILATION_CONDITIONS = DEBUG;
				SWIFT_OPTIMIZATION_LEVEL = "-Onone";
				VERSIONING_SYSTEM = "apple-generic";
				VERSION_INFO_PREFIX = "";
			};
			name = Debug;
		};
		FC71B66B22CAAFCF003EA230 /* Release */ = {
			isa = XCBuildConfiguration;
			buildSettings = {
				ALWAYS_SEARCH_USER_PATHS = NO;
				CLANG_ANALYZER_NONNULL = YES;
				CLANG_ANALYZER_NUMBER_OBJECT_CONVERSION = YES_AGGRESSIVE;
				CLANG_CXX_LANGUAGE_STANDARD = "gnu++14";
				CLANG_CXX_LIBRARY = "libc++";
				CLANG_ENABLE_MODULES = YES;
				CLANG_ENABLE_OBJC_ARC = YES;
				CLANG_ENABLE_OBJC_WEAK = YES;
				CLANG_WARN_BLOCK_CAPTURE_AUTORELEASING = YES;
				CLANG_WARN_BOOL_CONVERSION = YES;
				CLANG_WARN_COMMA = YES;
				CLANG_WARN_CONSTANT_CONVERSION = YES;
				CLANG_WARN_DEPRECATED_OBJC_IMPLEMENTATIONS = YES;
				CLANG_WARN_DIRECT_OBJC_ISA_USAGE = YES_ERROR;
				CLANG_WARN_DOCUMENTATION_COMMENTS = YES;
				CLANG_WARN_EMPTY_BODY = YES;
				CLANG_WARN_ENUM_CONVERSION = YES;
				CLANG_WARN_INFINITE_RECURSION = YES;
				CLANG_WARN_INT_CONVERSION = YES;
				CLANG_WARN_NON_LITERAL_NULL_CONVERSION = YES;
				CLANG_WARN_OBJC_IMPLICIT_RETAIN_SELF = YES;
				CLANG_WARN_OBJC_LITERAL_CONVERSION = YES;
				CLANG_WARN_OBJC_ROOT_CLASS = YES_ERROR;
				CLANG_WARN_RANGE_LOOP_ANALYSIS = YES;
				CLANG_WARN_STRICT_PROTOTYPES = YES;
				CLANG_WARN_SUSPICIOUS_MOVE = YES;
				CLANG_WARN_UNGUARDED_AVAILABILITY = YES_AGGRESSIVE;
				CLANG_WARN_UNREACHABLE_CODE = YES;
				CLANG_WARN__DUPLICATE_METHOD_MATCH = YES;
				CODE_SIGN_IDENTITY = "iPhone Developer";
				COPY_PHASE_STRIP = NO;
				CURRENT_PROJECT_VERSION = 1;
				DEBUG_INFORMATION_FORMAT = "dwarf-with-dsym";
				ENABLE_NS_ASSERTIONS = NO;
				ENABLE_STRICT_OBJC_MSGSEND = YES;
				GCC_C_LANGUAGE_STANDARD = gnu11;
				GCC_NO_COMMON_BLOCKS = YES;
				GCC_WARN_64_TO_32_BIT_CONVERSION = YES;
				GCC_WARN_ABOUT_RETURN_TYPE = YES_ERROR;
				GCC_WARN_UNDECLARED_SELECTOR = YES;
				GCC_WARN_UNINITIALIZED_AUTOS = YES_AGGRESSIVE;
				GCC_WARN_UNUSED_FUNCTION = YES;
				GCC_WARN_UNUSED_VARIABLE = YES;
				IPHONEOS_DEPLOYMENT_TARGET = 11.0;
				MTL_ENABLE_DEBUG_INFO = NO;
				MTL_FAST_MATH = YES;
				SDKROOT = iphoneos;
				SWIFT_COMPILATION_MODE = wholemodule;
				SWIFT_OPTIMIZATION_LEVEL = "-O";
				VALIDATE_PRODUCT = YES;
				VERSIONING_SYSTEM = "apple-generic";
				VERSION_INFO_PREFIX = "";
			};
			name = Release;
		};
/* End XCBuildConfiguration section */

/* Begin XCConfigurationList section */
		FC664F3422CADBF800FD8AE7 /* Build configuration list for PBXNativeTarget "HSCameraUtils" */ = {
			isa = XCConfigurationList;
			buildConfigurations = (
				FC664F3522CADBF800FD8AE7 /* Debug */,
				FC664F3622CADBF800FD8AE7 /* Release */,
			);
			defaultConfigurationIsVisible = 0;
			defaultConfigurationName = Release;
		};
		FC71B65E22CAAFCF003EA230 /* Build configuration list for PBXProject "HSCameraUtils" */ = {
			isa = XCConfigurationList;
			buildConfigurations = (
				FC71B66A22CAAFCF003EA230 /* Debug */,
				FC71B66B22CAAFCF003EA230 /* Release */,
			);
			defaultConfigurationIsVisible = 0;
			defaultConfigurationName = Release;
		};
/* End XCConfigurationList section */
	};
	rootObject = FC71B65B22CAAFCF003EA230 /* Project object */;
}
